// !$*UTF8*$!
{
	archiveVersion = 1;
	classes = {
	};
	objectVersion = 56;
	objects = {

/* Begin PBXBuildFile section */
		AC0378992949C21E0048E3E0 /* AppDelegate.swift in Sources */ = {isa = PBXBuildFile; fileRef = AC0378982949C21E0048E3E0 /* AppDelegate.swift */; };
		AC03789D2949C21E0048E3E0 /* ViewController.swift in Sources */ = {isa = PBXBuildFile; fileRef = AC03789C2949C21E0048E3E0 /* ViewController.swift */; };
		AC0378A02949C21E0048E3E0 /* Main.storyboard in Resources */ = {isa = PBXBuildFile; fileRef = AC03789E2949C21E0048E3E0 /* Main.storyboard */; };
		AC0378A22949C2200048E3E0 /* Assets.xcassets in Resources */ = {isa = PBXBuildFile; fileRef = AC0378A12949C2200048E3E0 /* Assets.xcassets */; };
		AC0378A52949C2200048E3E0 /* LaunchScreen.storyboard in Resources */ = {isa = PBXBuildFile; fileRef = AC0378A32949C2200048E3E0 /* LaunchScreen.storyboard */; };
		AC0378B02949C3590048E3E0 /* PizzaAnnotation.swift in Sources */ = {isa = PBXBuildFile; fileRef = AC0378AF2949C3590048E3E0 /* PizzaAnnotation.swift */; };
		AC0378B12949C7260048E3E0 /* MapKit.framework in Frameworks */ = {isa = PBXBuildFile; fileRef = AC0378AD2949C24D0048E3E0 /* MapKit.framework */; };
		AC0378B5294A2FC60048E3E0 /* PizzaHistoryAnnotations.swift in Sources */ = {isa = PBXBuildFile; fileRef = AC0378B4294A2FC60048E3E0 /* PizzaHistoryAnnotations.swift */; };
		AC0378B8294A37B60048E3E0 /* AnnotationDetailViewController.swift in Sources */ = {isa = PBXBuildFile; fileRef = AC0378B6294A37B60048E3E0 /* AnnotationDetailViewController.swift */; };
		AC0378B9294A37B60048E3E0 /* AnnotationDetailViewController.xib in Resources */ = {isa = PBXBuildFile; fileRef = AC0378B7294A37B60048E3E0 /* AnnotationDetailViewController.xib */; };
/* End PBXBuildFile section */

/* Begin PBXFileReference section */
		AC0378952949C21E0048E3E0 /* PizzaHistoryMapKit.app */ = {isa = PBXFileReference; explicitFileType = wrapper.application; includeInIndex = 0; path = PizzaHistoryMapKit.app; sourceTree = BUILT_PRODUCTS_DIR; };
		AC0378982949C21E0048E3E0 /* AppDelegate.swift */ = {isa = PBXFileReference; lastKnownFileType = sourcecode.swift; path = AppDelegate.swift; sourceTree = "<group>"; };
		AC03789C2949C21E0048E3E0 /* ViewController.swift */ = {isa = PBXFileReference; lastKnownFileType = sourcecode.swift; path = ViewController.swift; sourceTree = "<group>"; };
		AC03789F2949C21E0048E3E0 /* Base */ = {isa = PBXFileReference; lastKnownFileType = file.storyboard; name = Base; path = Base.lproj/Main.storyboard; sourceTree = "<group>"; };
		AC0378A12949C2200048E3E0 /* Assets.xcassets */ = {isa = PBXFileReference; lastKnownFileType = folder.assetcatalog; path = Assets.xcassets; sourceTree = "<group>"; };
		AC0378A42949C2200048E3E0 /* Base */ = {isa = PBXFileReference; lastKnownFileType = file.storyboard; name = Base; path = Base.lproj/LaunchScreen.storyboard; sourceTree = "<group>"; };
		AC0378A62949C2200048E3E0 /* Info.plist */ = {isa = PBXFileReference; lastKnownFileType = text.plist.xml; path = Info.plist; sourceTree = "<group>"; };
		AC0378AD2949C24D0048E3E0 /* MapKit.framework */ = {isa = PBXFileReference; lastKnownFileType = wrapper.framework; name = MapKit.framework; path = System/Library/Frameworks/MapKit.framework; sourceTree = SDKROOT; };
		AC0378AF2949C3590048E3E0 /* PizzaAnnotation.swift */ = {isa = PBXFileReference; lastKnownFileType = sourcecode.swift; path = PizzaAnnotation.swift; sourceTree = "<group>"; };
		AC0378B4294A2FC60048E3E0 /* PizzaHistoryAnnotations.swift */ = {isa = PBXFileReference; fileEncoding = 4; lastKnownFileType = sourcecode.swift; path = PizzaHistoryAnnotations.swift; sourceTree = "<group>"; };
		AC0378B6294A37B60048E3E0 /* AnnotationDetailViewController.swift */ = {isa = PBXFileReference; fileEncoding = 4; lastKnownFileType = sourcecode.swift; path = AnnotationDetailViewController.swift; sourceTree = "<group>"; };
		AC0378B7294A37B60048E3E0 /* AnnotationDetailViewController.xib */ = {isa = PBXFileReference; fileEncoding = 4; lastKnownFileType = file.xib; path = AnnotationDetailViewController.xib; sourceTree = "<group>"; };
/* End PBXFileReference section */

/* Begin PBXFrameworksBuildPhase section */
		AC0378922949C21E0048E3E0 /* Frameworks */ = {
			isa = PBXFrameworksBuildPhase;
			buildActionMask = 2147483647;
			files = (
				AC0378B12949C7260048E3E0 /* MapKit.framework in Frameworks */,
			);
			runOnlyForDeploymentPostprocessing = 0;
		};
/* End PBXFrameworksBuildPhase section */

/* Begin PBXGroup section */
		AC03788C2949C21E0048E3E0 = {
			isa = PBXGroup;
			children = (
				AC0378972949C21E0048E3E0 /* PizzaHistoryMapKit */,
				AC0378962949C21E0048E3E0 /* Products */,
				AC0378AC2949C24C0048E3E0 /* Frameworks */,
			);
			sourceTree = "<group>";
		};
		AC0378962949C21E0048E3E0 /* Products */ = {
			isa = PBXGroup;
			children = (
				AC0378952949C21E0048E3E0 /* PizzaHistoryMapKit.app */,
			);
			name = Products;
			sourceTree = "<group>";
		};
		AC0378972949C21E0048E3E0 /* PizzaHistoryMapKit */ = {
			isa = PBXGroup;
			children = (
				AC0378B6294A37B60048E3E0 /* AnnotationDetailViewController.swift */,
				AC0378B7294A37B60048E3E0 /* AnnotationDetailViewController.xib */,
				AC0378B4294A2FC60048E3E0 /* PizzaHistoryAnnotations.swift */,
				AC0378982949C21E0048E3E0 /* AppDelegate.swift */,
				AC03789C2949C21E0048E3E0 /* ViewController.swift */,
				AC0378AF2949C3590048E3E0 /* PizzaAnnotation.swift */,
				AC03789E2949C21E0048E3E0 /* Main.storyboard */,
				AC0378A12949C2200048E3E0 /* Assets.xcassets */,
				AC0378A32949C2200048E3E0 /* LaunchScreen.storyboard */,
				AC0378A62949C2200048E3E0 /* Info.plist */,
			);
			path = PizzaHistoryMapKit;
			sourceTree = "<group>";
		};
		AC0378AC2949C24C0048E3E0 /* Frameworks */ = {
			isa = PBXGroup;
			children = (
				AC0378AD2949C24D0048E3E0 /* MapKit.framework */,
			);
			name = Frameworks;
			sourceTree = "<group>";
		};
/* End PBXGroup section */

/* Begin PBXNativeTarget section */
		AC0378942949C21E0048E3E0 /* PizzaHistoryMapKit */ = {
			isa = PBXNativeTarget;
			buildConfigurationList = AC0378A92949C2200048E3E0 /* Build configuration list for PBXNativeTarget "PizzaHistoryMapKit" */;
			buildPhases = (
				AC0378912949C21E0048E3E0 /* Sources */,
				AC0378922949C21E0048E3E0 /* Frameworks */,
				AC0378932949C21E0048E3E0 /* Resources */,
			);
			buildRules = (
			);
			dependencies = (
			);
			name = PizzaHistoryMapKit;
			productName = PizzaHistoryMapKit;
			productReference = AC0378952949C21E0048E3E0 /* PizzaHistoryMapKit.app */;
			productType = "com.apple.product-type.application";
		};
/* End PBXNativeTarget section */

/* Begin PBXProject section */
		AC03788D2949C21E0048E3E0 /* Project object */ = {
			isa = PBXProject;
			attributes = {
				BuildIndependentTargetsInParallel = 1;
				LastSwiftUpdateCheck = 1410;
				LastUpgradeCheck = 1410;
				TargetAttributes = {
					AC0378942949C21E0048E3E0 = {
						CreatedOnToolsVersion = 14.1;
					};
				};
			};
			buildConfigurationList = AC0378902949C21E0048E3E0 /* Build configuration list for PBXProject "PizzaHistoryMapKit" */;
			compatibilityVersion = "Xcode 14.0";
			developmentRegion = en;
			hasScannedForEncodings = 0;
			knownRegions = (
				en,
				Base,
			);
			mainGroup = AC03788C2949C21E0048E3E0;
			productRefGroup = AC0378962949C21E0048E3E0 /* Products */;
			projectDirPath = "";
			projectRoot = "";
			targets = (
				AC0378942949C21E0048E3E0 /* PizzaHistoryMapKit */,
			);
		};
/* End PBXProject section */

/* Begin PBXResourcesBuildPhase section */
		AC0378932949C21E0048E3E0 /* Resources */ = {
			isa = PBXResourcesBuildPhase;
			buildActionMask = 2147483647;
			files = (
				AC0378B9294A37B60048E3E0 /* AnnotationDetailViewController.xib in Resources */,
				AC0378A52949C2200048E3E0 /* LaunchScreen.storyboard in Resources */,
				AC0378A22949C2200048E3E0 /* Assets.xcassets in Resources */,
				AC0378A02949C21E0048E3E0 /* Main.storyboard in Resources */,
			);
			runOnlyForDeploymentPostprocessing = 0;
		};
/* End PBXResourcesBuildPhase section */

/* Begin PBXSourcesBuildPhase section */
		AC0378912949C21E0048E3E0 /* Sources */ = {
			isa = PBXSourcesBuildPhase;
			buildActionMask = 2147483647;
			files = (
				AC0378B02949C3590048E3E0 /* PizzaAnnotation.swift in Sources */,
				AC0378B8294A37B60048E3E0 /* AnnotationDetailViewController.swift in Sources */,
				AC0378B5294A2FC60048E3E0 /* PizzaHistoryAnnotations.swift in Sources */,
				AC03789D2949C21E0048E3E0 /* ViewController.swift in Sources */,
				AC0378992949C21E0048E3E0 /* AppDelegate.swift in Sources */,
			);
			runOnlyForDeploymentPostprocessing = 0;
		};
/* End PBXSourcesBuildPhase section */

/* Begin PBXVariantGroup section */
		AC03789E2949C21E0048E3E0 /* Main.storyboard */ = {
			isa = PBXVariantGroup;
			children = (
				AC03789F2949C21E0048E3E0 /* Base */,
			);
			name = Main.storyboard;
			sourceTree = "<group>";
		};
		AC0378A32949C2200048E3E0 /* LaunchScreen.storyboard */ = {
			isa = PBXVariantGroup;
			children = (
				AC0378A42949C2200048E3E0 /* Base */,
			);
			name = LaunchScreen.storyboard;
			sourceTree = "<group>";
		};
/* End PBXVariantGroup section */

/* Begin XCBuildConfiguration section */
		AC0378A72949C2200048E3E0 /* Debug */ = {
			isa = XCBuildConfiguration;
			buildSettings = {
				ALWAYS_SEARCH_USER_PATHS = NO;
				CLANG_ANALYZER_NONNULL = YES;
				CLANG_ANALYZER_NUMBER_OBJECT_CONVERSION = YES_AGGRESSIVE;
				CLANG_CXX_LANGUAGE_STANDARD = "gnu++20";
				CLANG_ENABLE_MODULES = YES;
				CLANG_ENABLE_OBJC_ARC = YES;
				CLANG_ENABLE_OBJC_WEAK = YES;
				CLANG_WARN_BLOCK_CAPTURE_AUTORELEASING = YES;
				CLANG_WARN_BOOL_CONVERSION = YES;
				CLANG_WARN_COMMA = YES;
				CLANG_WARN_CONSTANT_CONVERSION = YES;
				CLANG_WARN_DEPRECATED_OBJC_IMPLEMENTATIONS = YES;
				CLANG_WARN_DIRECT_OBJC_ISA_USAGE = YES_ERROR;
				CLANG_WARN_DOCUMENTATION_COMMENTS = YES;
				CLANG_WARN_EMPTY_BODY = YES;
				CLANG_WARN_ENUM_CONVERSION = YES;
				CLANG_WARN_INFINITE_RECURSION = YES;
				CLANG_WARN_INT_CONVERSION = YES;
				CLANG_WARN_NON_LITERAL_NULL_CONVERSION = YES;
				CLANG_WARN_OBJC_IMPLICIT_RETAIN_SELF = YES;
				CLANG_WARN_OBJC_LITERAL_CONVERSION = YES;
				CLANG_WARN_OBJC_ROOT_CLASS = YES_ERROR;
				CLANG_WARN_QUOTED_INCLUDE_IN_FRAMEWORK_HEADER = YES;
				CLANG_WARN_RANGE_LOOP_ANALYSIS = YES;
				CLANG_WARN_STRICT_PROTOTYPES = YES;
				CLANG_WARN_SUSPICIOUS_MOVE = YES;
				CLANG_WARN_UNGUARDED_AVAILABILITY = YES_AGGRESSIVE;
				CLANG_WARN_UNREACHABLE_CODE = YES;
				CLANG_WARN__DUPLICATE_METHOD_MATCH = YES;
				COPY_PHASE_STRIP = NO;
				DEBUG_INFORMATION_FORMAT = dwarf;
				ENABLE_STRICT_OBJC_MSGSEND = YES;
				ENABLE_TESTABILITY = YES;
				GCC_C_LANGUAGE_STANDARD = gnu11;
				GCC_DYNAMIC_NO_PIC = NO;
				GCC_NO_COMMON_BLOCKS = YES;
				GCC_OPTIMIZATION_LEVEL = 0;
				GCC_PREPROCESSOR_DEFINITIONS = (
					"DEBUG=1",
					"$(inherited)",
				);
				GCC_WARN_64_TO_32_BIT_CONVERSION = YES;
				GCC_WARN_ABOUT_RETURN_TYPE = YES_ERROR;
				GCC_WARN_UNDECLARED_SELECTOR = YES;
				GCC_WARN_UNINITIALIZED_AUTOS = YES_AGGRESSIVE;
				GCC_WARN_UNUSED_FUNCTION = YES;
				GCC_WARN_UNUSED_VARIABLE = YES;
				IPHONEOS_DEPLOYMENT_TARGET = 11.0;
				MTL_ENABLE_DEBUG_INFO = INCLUDE_SOURCE;
				MTL_FAST_MATH = YES;
				ONLY_ACTIVE_ARCH = YES;
				SDKROOT = iphoneos;
				SWIFT_ACTIVE_COMPILATION_CONDITIONS = DEBUG;
				SWIFT_OPTIMIZATION_LEVEL = "-Onone";
			};
			name = Debug;
		};
		AC0378A82949C2200048E3E0 /* Release */ = {
			isa = XCBuildConfiguration;
			buildSettings = {
				ALWAYS_SEARCH_USER_PATHS = NO;
				CLANG_ANALYZER_NONNULL = YES;
				CLANG_ANALYZER_NUMBER_OBJECT_CONVERSION = YES_AGGRESSIVE;
				CLANG_CXX_LANGUAGE_STANDARD = "gnu++20";
				CLANG_ENABLE_MODULES = YES;
				CLANG_ENABLE_OBJC_ARC = YES;
				CLANG_ENABLE_OBJC_WEAK = YES;
				CLANG_WARN_BLOCK_CAPTURE_AUTORELEASING = YES;
				CLANG_WARN_BOOL_CONVERSION = YES;
				CLANG_WARN_COMMA = YES;
				CLANG_WARN_CONSTANT_CONVERSION = YES;
				CLANG_WARN_DEPRECATED_OBJC_IMPLEMENTATIONS = YES;
				CLANG_WARN_DIRECT_OBJC_ISA_USAGE = YES_ERROR;
				CLANG_WARN_DOCUMENTATION_COMMENTS = YES;
				CLANG_WARN_EMPTY_BODY = YES;
				CLANG_WARN_ENUM_CONVERSION = YES;
				CLANG_WARN_INFINITE_RECURSION = YES;
				CLANG_WARN_INT_CONVERSION = YES;
				CLANG_WARN_NON_LITERAL_NULL_CONVERSION = YES;
				CLANG_WARN_OBJC_IMPLICIT_RETAIN_SELF = YES;
				CLANG_WARN_OBJC_LITERAL_CONVERSION = YES;
				CLANG_WARN_OBJC_ROOT_CLASS = YES_ERROR;
				CLANG_WARN_QUOTED_INCLUDE_IN_FRAMEWORK_HEADER = YES;
				CLANG_WARN_RANGE_LOOP_ANALYSIS = YES;
				CLANG_WARN_STRICT_PROTOTYPES = YES;
				CLANG_WARN_SUSPICIOUS_MOVE = YES;
				CLANG_WARN_UNGUARDED_AVAILABILITY = YES_AGGRESSIVE;
				CLANG_WARN_UNREACHABLE_CODE = YES;
				CLANG_WARN__DUPLICATE_METHOD_MATCH = YES;
				COPY_PHASE_STRIP = NO;
				DEBUG_INFORMATION_FORMAT = "dwarf-with-dsym";
				ENABLE_NS_ASSERTIONS = NO;
				ENABLE_STRICT_OBJC_MSGSEND = YES;
				GCC_C_LANGUAGE_STANDARD = gnu11;
				GCC_NO_COMMON_BLOCKS = YES;
				GCC_WARN_64_TO_32_BIT_CONVERSION = YES;
				GCC_WARN_ABOUT_RETURN_TYPE = YES_ERROR;
				GCC_WARN_UNDECLARED_SELECTOR = YES;
				GCC_WARN_UNINITIALIZED_AUTOS = YES_AGGRESSIVE;
				GCC_WARN_UNUSED_FUNCTION = YES;
				GCC_WARN_UNUSED_VARIABLE = YES;
				IPHONEOS_DEPLOYMENT_TARGET = 11.0;
				MTL_ENABLE_DEBUG_INFO = NO;
				MTL_FAST_MATH = YES;
				SDKROOT = iphoneos;
				SWIFT_COMPILATION_MODE = wholemodule;
				SWIFT_OPTIMIZATION_LEVEL = "-O";
				VALIDATE_PRODUCT = YES;
			};
			name = Release;
		};
		AC0378AA2949C2200048E3E0 /* Debug */ = {
			isa = XCBuildConfiguration;
			buildSettings = {
				ASSETCATALOG_COMPILER_APPICON_NAME = AppIcon;
				ASSETCATALOG_COMPILER_GLOBAL_ACCENT_COLOR_NAME = AccentColor;
				CODE_SIGN_IDENTITY = "Apple Development";
				CODE_SIGN_STYLE = Automatic;
				CURRENT_PROJECT_VERSION = 1;
				DEVELOPMENT_TEAM = 6PDN7JDJLF;
				GENERATE_INFOPLIST_FILE = YES;
				INFOPLIST_FILE = PizzaHistoryMapKit/Info.plist;
				INFOPLIST_KEY_NSLocationAlwaysAndWhenInUseUsageDescription = "We'd like to use your location for finding where you are compared to a good pizza.";
				INFOPLIST_KEY_NSLocationAlwaysUsageDescription = "We'd like to use your location for finding where you are compared to a good pizza.";
				INFOPLIST_KEY_NSLocationWhenInUseUsageDescription = "We'd like to use your location for finding where you are compared to a good pizza.";
				INFOPLIST_KEY_UIApplicationSupportsIndirectInputEvents = YES;
				INFOPLIST_KEY_UILaunchStoryboardName = LaunchScreen;
				INFOPLIST_KEY_UIMainStoryboardFile = Main;
				INFOPLIST_KEY_UISupportedInterfaceOrientations = UIInterfaceOrientationPortrait;
				IPHONEOS_DEPLOYMENT_TARGET = 11.0;
				LD_RUNPATH_SEARCH_PATHS = (
					"$(inherited)",
					"@executable_path/Frameworks",
				);
				MARKETING_VERSION = 1.0;
				PRODUCT_BUNDLE_IDENTIFIER = com.test.PizzaHistoryMapKit;
				PRODUCT_NAME = "$(TARGET_NAME)";
				PROVISIONING_PROFILE_SPECIFIER = "";
				SUPPORTED_PLATFORMS = "iphoneos iphonesimulator";
				SUPPORTS_MACCATALYST = NO;
				SUPPORTS_MAC_DESIGNED_FOR_IPHONE_IPAD = NO;
				SWIFT_EMIT_LOC_STRINGS = YES;
				SWIFT_VERSION = 5.0;
				TARGETED_DEVICE_FAMILY = 1;
			};
			name = Debug;
		};
		AC0378AB2949C2200048E3E0 /* Release */ = {
			isa = XCBuildConfiguration;
			buildSettings = {
				ASSETCATALOG_COMPILER_APPICON_NAME = AppIcon;
				ASSETCATALOG_COMPILER_GLOBAL_ACCENT_COLOR_NAME = AccentColor;
				CODE_SIGN_IDENTITY = "Apple Development";
				CODE_SIGN_STYLE = Automatic;
				CURRENT_PROJECT_VERSION = 1;
				DEVELOPMENT_TEAM = 6PDN7JDJLF;
				GENERATE_INFOPLIST_FILE = YES;
				INFOPLIST_FILE = PizzaHistoryMapKit/Info.plist;
				INFOPLIST_KEY_NSLocationAlwaysAndWhenInUseUsageDescription = "We'd like to use your location for finding where you are compared to a good pizza.";
				INFOPLIST_KEY_NSLocationAlwaysUsageDescription = "We'd like to use your location for finding where you are compared to a good pizza.";
				INFOPLIST_KEY_NSLocationWhenInUseUsageDescription = "We'd like to use your location for finding where you are compared to a good pizza.";
				INFOPLIST_KEY_UIApplicationSupportsIndirectInputEvents = YES;
				INFOPLIST_KEY_UILaunchStoryboardName = LaunchScreen;
				INFOPLIST_KEY_UIMainStoryboardFile = Main;
				INFOPLIST_KEY_UISupportedInterfaceOrientations = UIInterfaceOrientationPortrait;
				IPHONEOS_DEPLOYMENT_TARGET = 11.0;
				LD_RUNPATH_SEARCH_PATHS = (
					"$(inherited)",
					"@executable_path/Frameworks",
				);
				MARKETING_VERSION = 1.0;
				PRODUCT_BUNDLE_IDENTIFIER = com.test.PizzaHistoryMapKit;
				PRODUCT_NAME = "$(TARGET_NAME)";
				PROVISIONING_PROFILE_SPECIFIER = "";
				SUPPORTED_PLATFORMS = "iphoneos iphonesimulator";
				SUPPORTS_MACCATALYST = NO;
				SUPPORTS_MAC_DESIGNED_FOR_IPHONE_IPAD = NO;
				SWIFT_EMIT_LOC_STRINGS = YES;
				SWIFT_VERSION = 5.0;
				TARGETED_DEVICE_FAMILY = 1;
			};
			name = Release;
		};
/* End XCBuildConfiguration section */

/* Begin XCConfigurationList section */
		AC0378902949C21E0048E3E0 /* Build configuration list for PBXProject "PizzaHistoryMapKit" */ = {
			isa = XCConfigurationList;
			buildConfigurations = (
				AC0378A72949C2200048E3E0 /* Debug */,
				AC0378A82949C2200048E3E0 /* Release */,
			);
			defaultConfigurationIsVisible = 0;
			defaultConfigurationName = Release;
		};
		AC0378A92949C2200048E3E0 /* Build configuration list for PBXNativeTarget "PizzaHistoryMapKit" */ = {
			isa = XCConfigurationList;
			buildConfigurations = (
				AC0378AA2949C2200048E3E0 /* Debug */,
				AC0378AB2949C2200048E3E0 /* Release */,
			);
			defaultConfigurationIsVisible = 0;
			defaultConfigurationName = Release;
		};
/* End XCConfigurationList section */
	};
	rootObject = AC03788D2949C21E0048E3E0 /* Project object */;
}
